<?xml version="1.0" encoding="utf-8"?>
<Project ToolsVersion="4.0" xmlns="http://schemas.microsoft.com/developer/msbuild/2003">
  <ItemGroup>
    <Filter Include="Source Files">
      <UniqueIdentifier>{4FC737F1-C7A5-4376-A066-2A32D752A2FF}</UniqueIdentifier>
      <Extensions>cpp;c;cc;cxx;def;odl;idl;hpj;bat;asm;asmx</Extensions>
    </Filter>
    <Filter Include="Header Files">
      <UniqueIdentifier>{93995380-89BD-4b04-88EB-625FBE52EBFB}</UniqueIdentifier>
      <Extensions>h;hh;hpp;hxx;hm;inl;inc;xsd</Extensions>
    </Filter>
    <Filter Include="Resource Files">
      <UniqueIdentifier>{67DA6AB6-F800-4c08-8B7A-83BB121AAD01}</UniqueIdentifier>
      <Extensions>rc;ico;cur;bmp;dlg;rc2;rct;bin;rgs;gif;jpg;jpeg;jpe;resx;tiff;tif;png;wav;mfcribbon-ms</Extensions>
    </Filter>
    <Filter Include="Framework">
      <UniqueIdentifier>{626dcf83-d8b1-4530-aced-b2f0c89ed681}</UniqueIdentifier>
    </Filter>
  </ItemGroup>
  <ItemGroup>
    <ClInclude Include="Framework\Camera.h">
      <Filter>Header Files</Filter>
    </ClInclude>
    <ClInclude Include="Framework\Maths.h">
      <Filter>Header Files</Filter>
    </ClInclude>
    <ClInclude Include="Framework\Object.h">
      <Filter>Header Files</Filter>
    </ClInclude>
    <ClInclude Include="Framework\Scene.h">
      <Filter>Header Files</Filter>
    </ClInclude>
    <ClInclude Include="Framework\StaticEngine.h">
      <Filter>Header Files</Filter>
    </ClInclude>
    <ClInclude Include="Framework\Texture.h">
      <Filter>Header Files</Filter>
    </ClInclude>
    <ClInclude Include="YourCode\CourseworkScene.h">
      <Filter>Header Files</Filter>
    </ClInclude>
    <ClInclude Include="YourCode\Triangle.h">
      <Filter>Header Files</Filter>
    </ClInclude>
    <ClInclude Include="Framework\VectorMaths.h">
      <Filter>Header Files</Filter>
    </ClInclude>
    <ClInclude Include="YourCode\MyScene.h">
      <Filter>Header Files</Filter>
    </ClInclude>
    <ClInclude Include="YourCode\Floor.h">
      <Filter>Header Files</Filter>
    </ClInclude>
    <ClInclude Include="YourCode\Cube.h">
      <Filter>Header Files</Filter>
    </ClInclude>
    <ClInclude Include="YourCode\BaseColor.h">
      <Filter>Header Files</Filter>
    </ClInclude>
    <ClInclude Include="YourCode\KeyControl.h">
      <Filter>Header Files</Filter>
    </ClInclude>
    <ClInclude Include="YourCode\MapChange.h">
      <Filter>Header Files</Filter>
    </ClInclude>
    <ClInclude Include="YourCode\Controller.h">
      <Filter>Header Files</Filter>
    </ClInclude>
  </ItemGroup>
  <ItemGroup>
    <ClCompile Include="Framework\Camera.cpp">
      <Filter>Source Files</Filter>
    </ClCompile>
    <ClCompile Include="Framework\Main.cpp">
      <Filter>Source Files</Filter>
    </ClCompile>
    <ClCompile Include="Framework\Scene.cpp">
      <Filter>Source Files</Filter>
    </ClCompile>
    <ClCompile Include="Framework\StaticEngine.cpp">
      <Filter>Source Files</Filter>
    </ClCompile>
    <ClCompile Include="Framework\Texture.cpp">
      <Filter>Source Files</Filter>
    </ClCompile>
    <ClCompile Include="YourCode\Triangle.cpp">
      <Filter>Source Files</Filter>
    </ClCompile>
    <ClCompile Include="YourCode\MyScene.cpp">
      <Filter>Source Files</Filter>
    </ClCompile>
    <ClCompile Include="YourCode\Floor.cpp">
      <Filter>Source Files</Filter>
    </ClCompile>
    <ClCompile Include="YourCode\Cube.cpp">
      <Filter>Source Files</Filter>
    </ClCompile>
    <ClCompile Include="YourCode\BaseColor.cpp">
      <Filter>Source Files</Filter>
    </ClCompile>
    <ClCompile Include="YourCode\KeyControl.cpp">
      <Filter>Source Files</Filter>
    </ClCompile>
    <ClCompile Include="YourCode\MapChange.cpp">
      <Filter>Source Files</Filter>
    </ClCompile>
    <ClCompile Include="YourCode\Controller.cpp">
      <Filter>Source Files</Filter>
    </ClCompile>
  </ItemGroup>
  <ItemGroup>
    <Image Include="Resources\water.bmp">
      <Filter>Resource Files</Filter>
    </Image>
  </ItemGroup>
  <ItemGroup>
    <None Include="packages.config" />
  </ItemGroup>
  <ItemGroup>
    <Text Include="C:\Users\Want\Desktop\file.txt" />
  </ItemGroup>
</Project>